
Microsoft Visual Studio Solution File, Format Version 12.00
# Visual Studio Version 16
VisualStudioVersion = 16.0.29609.76
MinimumVisualStudioVersion = 10.0.40219.1
Project("{FAE04EC0-301F-11D3-BF4B-00C04F79EFBC}") = "APISandbox", "APISandbox.csproj", "{5D0890A5-D348-43E7-93F0-4300613D985E}"
EndProject
Global
	GlobalSection(SolutionConfigurationPlatforms) = preSolution
		Debug|Any CPU = Debug|Any CPU
		Release|Any CPU = Release|Any CPU
	EndGlobalSection
	GlobalSection(ProjectConfigurationPlatforms) = postSolution
		{5D0890A5-D348-43E7-93F0-4300613D985E}.Debug|Any CPU.ActiveCfg = Debug|Any CPU
		{5D0890A5-D348-43E7-93F0-4300613D985E}.Debug|Any CPU.Build.0 = Debug|Any CPU
		{5D0890A5-D348-43E7-93F0-4300613D985E}.Release|Any CPU.ActiveCfg = Release|Any CPU
		{5D0890A5-D348-43E7-93F0-4300613D985E}.Release|Any CPU.Build.0 = Release|Any CPU
	EndGlobalSection
	GlobalSection(SolutionProperties) = preSolution
		HideSolutionNode = FALSE
	EndGlobalSection
	GlobalSection(ExtensibilityGlobals) = postSolution
		SolutionGuid = {34ABB1B4-FB0F-421E-A6F3-DB605B465ADA}
	EndGlobalSection
EndGlobal
